// !$*UTF8*$!
{
	archiveVersion = 1;
	classes = {
	};
	objectVersion = 50;
	objects = {

/* Begin PBXBuildFile section */
		970C7E10243921E7002769AE /* GoldensPageViewController.swift in Sources */ = {isa = PBXBuildFile; fileRef = 970C7E0F243921E7002769AE /* GoldensPageViewController.swift */; };
		970C7E122439224E002769AE /* DiscoverViewController.swift in Sources */ = {isa = PBXBuildFile; fileRef = 970C7E112439224E002769AE /* DiscoverViewController.swift */; };
		97211F802439074A00709864 /* AppDelegate.swift in Sources */ = {isa = PBXBuildFile; fileRef = 97211F7F2439074A00709864 /* AppDelegate.swift */; };
		97211F822439074A00709864 /* HomeViewController.swift in Sources */ = {isa = PBXBuildFile; fileRef = 97211F812439074A00709864 /* HomeViewController.swift */; };
		97211F852439074A00709864 /* Main.storyboard in Resources */ = {isa = PBXBuildFile; fileRef = 97211F832439074A00709864 /* Main.storyboard */; settings = {ASSET_TAGS = (BackGround, ); }; };
		97211F8A2439075500709864 /* LaunchScreen.storyboard in Resources */ = {isa = PBXBuildFile; fileRef = 97211F882439075500709864 /* LaunchScreen.storyboard */; };
		97211F92243909BE00709864 /* Media.xcassets in Resources */ = {isa = PBXBuildFile; fileRef = 97211F91243909BE00709864 /* Media.xcassets */; };
		97211F96243910A400709864 /* MyClubsViewController.swift in Sources */ = {isa = PBXBuildFile; fileRef = 97211F95243910A400709864 /* MyClubsViewController.swift */; };
/* End PBXBuildFile section */

/* Begin PBXFileReference section */
		970C7E0F243921E7002769AE /* GoldensPageViewController.swift */ = {isa = PBXFileReference; lastKnownFileType = sourcecode.swift; path = GoldensPageViewController.swift; sourceTree = "<group>"; };
		970C7E112439224E002769AE /* DiscoverViewController.swift */ = {isa = PBXFileReference; lastKnownFileType = sourcecode.swift; path = DiscoverViewController.swift; sourceTree = "<group>"; };
		97211F7C2439074A00709864 /* Draft 1.app */ = {isa = PBXFileReference; explicitFileType = wrapper.application; includeInIndex = 0; path = "Draft 1.app"; sourceTree = BUILT_PRODUCTS_DIR; };
		97211F7F2439074A00709864 /* AppDelegate.swift */ = {isa = PBXFileReference; lastKnownFileType = sourcecode.swift; path = AppDelegate.swift; sourceTree = "<group>"; };
		97211F812439074A00709864 /* HomeViewController.swift */ = {isa = PBXFileReference; lastKnownFileType = sourcecode.swift; path = HomeViewController.swift; sourceTree = "<group>"; };
		97211F842439074A00709864 /* Base */ = {isa = PBXFileReference; lastKnownFileType = file.storyboard; name = Base; path = Base.lproj/Main.storyboard; sourceTree = "<group>"; };
		97211F892439075500709864 /* Base */ = {isa = PBXFileReference; lastKnownFileType = file.storyboard; name = Base; path = Base.lproj/LaunchScreen.storyboard; sourceTree = "<group>"; };
		97211F8B2439075500709864 /* Info.plist */ = {isa = PBXFileReference; lastKnownFileType = text.plist.xml; path = Info.plist; sourceTree = "<group>"; };
		97211F91243909BE00709864 /* Media.xcassets */ = {isa = PBXFileReference; lastKnownFileType = folder.assetcatalog; path = Media.xcassets; sourceTree = "<group>"; };
		97211F95243910A400709864 /* MyClubsViewController.swift */ = {isa = PBXFileReference; lastKnownFileType = sourcecode.swift; path = MyClubsViewController.swift; sourceTree = "<group>"; };
/* End PBXFileReference section */

/* Begin PBXFrameworksBuildPhase section */
		97211F792439074A00709864 /* Frameworks */ = {
			isa = PBXFrameworksBuildPhase;
			buildActionMask = 2147483647;
			files = (
			);
			runOnlyForDeploymentPostprocessing = 0;
		};
/* End PBXFrameworksBuildPhase section */

/* Begin PBXGroup section */
		97211F732439074A00709864 = {
			isa = PBXGroup;
			children = (
				97211F7E2439074A00709864 /* Draft 1 */,
				97211F7D2439074A00709864 /* Products */,
			);
			sourceTree = "<group>";
		};
		97211F7D2439074A00709864 /* Products */ = {
			isa = PBXGroup;
			children = (
				97211F7C2439074A00709864 /* Draft 1.app */,
			);
			name = Products;
			sourceTree = "<group>";
		};
		97211F7E2439074A00709864 /* Draft 1 */ = {
			isa = PBXGroup;
			children = (
				97211F7F2439074A00709864 /* AppDelegate.swift */,
				97211F812439074A00709864 /* HomeViewController.swift */,
				97211F95243910A400709864 /* MyClubsViewController.swift */,
				970C7E0F243921E7002769AE /* GoldensPageViewController.swift */,
				970C7E112439224E002769AE /* DiscoverViewController.swift */,
				97211F832439074A00709864 /* Main.storyboard */,
				97211F882439075500709864 /* LaunchScreen.storyboard */,
				97211F8B2439075500709864 /* Info.plist */,
				97211F91243909BE00709864 /* Media.xcassets */,
			);
			path = "Draft 1";
			sourceTree = "<group>";
		};
/* End PBXGroup section */

/* Begin PBXNativeTarget section */
		97211F7B2439074A00709864 /* Draft 1 */ = {
			isa = PBXNativeTarget;
			buildConfigurationList = 97211F8E2439075500709864 /* Build configuration list for PBXNativeTarget "Draft 1" */;
			buildPhases = (
				97211F782439074A00709864 /* Sources */,
				97211F792439074A00709864 /* Frameworks */,
				97211F7A2439074A00709864 /* Resources */,
			);
			buildRules = (
			);
			dependencies = (
			);
			name = "Draft 1";
			productName = "Draft 1";
			productReference = 97211F7C2439074A00709864 /* Draft 1.app */;
			productType = "com.apple.product-type.application";
		};
/* End PBXNativeTarget section */

/* Begin PBXProject section */
		97211F742439074A00709864 /* Project object */ = {
			isa = PBXProject;
			attributes = {
				KnownAssetTags = (
					BackGround,
				);
				LastSwiftUpdateCheck = 1030;
				LastUpgradeCheck = 1030;
				ORGANIZATIONNAME = "Ryan Golden";
				TargetAttributes = {
					97211F7B2439074A00709864 = {
						CreatedOnToolsVersion = 10.3;
					};
				};
			};
			buildConfigurationList = 97211F772439074A00709864 /* Build configuration list for PBXProject "Draft 1" */;
			compatibilityVersion = "Xcode 9.3";
			developmentRegion = en;
			hasScannedForEncodings = 0;
			knownRegions = (
				en,
				Base,
			);
			mainGroup = 97211F732439074A00709864;
			productRefGroup = 97211F7D2439074A00709864 /* Products */;
			projectDirPath = "";
			projectRoot = "";
			targets = (
				97211F7B2439074A00709864 /* Draft 1 */,
			);
		};
/* End PBXProject section */

/* Begin PBXResourcesBuildPhase section */
		97211F7A2439074A00709864 /* Resources */ = {
			isa = PBXResourcesBuildPhase;
			buildActionMask = 2147483647;
			files = (
				97211F8A2439075500709864 /* LaunchScreen.storyboard in Resources */,
				97211F92243909BE00709864 /* Media.xcassets in Resources */,
				97211F852439074A00709864 /* Main.storyboard in Resources */,
			);
			runOnlyForDeploymentPostprocessing = 0;
		};
/* End PBXResourcesBuildPhase section */

/* Begin PBXSourcesBuildPhase section */
		97211F782439074A00709864 /* Sources */ = {
			isa = PBXSourcesBuildPhase;
			buildActionMask = 2147483647;
			files = (
				97211F822439074A00709864 /* HomeViewController.swift in Sources */,
				97211F802439074A00709864 /* AppDelegate.swift in Sources */,
				970C7E10243921E7002769AE /* GoldensPageViewController.swift in Sources */,
				97211F96243910A400709864 /* MyClubsViewController.swift in Sources */,
				970C7E122439224E002769AE /* DiscoverViewController.swift in Sources */,
			);
			runOnlyForDeploymentPostprocessing = 0;
		};
/* End PBXSourcesBuildPhase section */

/* Begin PBXVariantGroup section */
		97211F832439074A00709864 /* Main.storyboard */ = {
			isa = PBXVariantGroup;
			children = (
				97211F842439074A00709864 /* Base */,
			);
			name = Main.storyboard;
			sourceTree = "<group>";
		};
		97211F882439075500709864 /* LaunchScreen.storyboard */ = {
			isa = PBXVariantGroup;
			children = (
				97211F892439075500709864 /* Base */,
			);
			name = LaunchScreen.storyboard;
			sourceTree = "<group>";
		};
/* End PBXVariantGroup section */

/* Begin XCBuildConfiguration section */
		97211F8C2439075500709864 /* Debug */ = {
			isa = XCBuildConfiguration;
			buildSettings = {
				ALWAYS_SEARCH_USER_PATHS = NO;
				CLANG_ANALYZER_NONNULL = YES;
				CLANG_ANALYZER_NUMBER_OBJECT_CONVERSION = YES_AGGRESSIVE;
				CLANG_CXX_LANGUAGE_STANDARD = "gnu++14";
				CLANG_CXX_LIBRARY = "libc++";
				CLANG_ENABLE_MODULES = YES;
				CLANG_ENABLE_OBJC_ARC = YES;
				CLANG_ENABLE_OBJC_WEAK = YES;
				CLANG_WARN_BLOCK_CAPTURE_AUTORELEASING = YES;
				CLANG_WARN_BOOL_CONVERSION = YES;
				CLANG_WARN_COMMA = YES;
				CLANG_WARN_CONSTANT_CONVERSION = YES;
				CLANG_WARN_DEPRECATED_OBJC_IMPLEMENTATIONS = YES;
				CLANG_WARN_DIRECT_OBJC_ISA_USAGE = YES_ERROR;
				CLANG_WARN_DOCUMENTATION_COMMENTS = YES;
				CLANG_WARN_EMPTY_BODY = YES;
				CLANG_WARN_ENUM_CONVERSION = YES;
				CLANG_WARN_INFINITE_RECURSION = YES;
				CLANG_WARN_INT_CONVERSION = YES;
				CLANG_WARN_NON_LITERAL_NULL_CONVERSION = YES;
				CLANG_WARN_OBJC_IMPLICIT_RETAIN_SELF = YES;
				CLANG_WARN_OBJC_LITERAL_CONVERSION = YES;
				CLANG_WARN_OBJC_ROOT_CLASS = YES_ERROR;
				CLANG_WARN_RANGE_LOOP_ANALYSIS = YES;
				CLANG_WARN_STRICT_PROTOTYPES = YES;
				CLANG_WARN_SUSPICIOUS_MOVE = YES;
				CLANG_WARN_UNGUARDED_AVAILABILITY = YES_AGGRESSIVE;
				CLANG_WARN_UNREACHABLE_CODE = YES;
				CLANG_WARN__DUPLICATE_METHOD_MATCH = YES;
				CODE_SIGN_IDENTITY = "iPhone Developer";
				COPY_PHASE_STRIP = NO;
				DEBUG_INFORMATION_FORMAT = dwarf;
				ENABLE_STRICT_OBJC_MSGSEND = YES;
				ENABLE_TESTABILITY = YES;
				GCC_C_LANGUAGE_STANDARD = gnu11;
				GCC_DYNAMIC_NO_PIC = NO;
				GCC_NO_COMMON_BLOCKS = YES;
				GCC_OPTIMIZATION_LEVEL = 0;
				GCC_PREPROCESSOR_DEFINITIONS = (
					"DEBUG=1",
					"$(inherited)",
				);
				GCC_WARN_64_TO_32_BIT_CONVERSION = YES;
				GCC_WARN_ABOUT_RETURN_TYPE = YES_ERROR;
				GCC_WARN_UNDECLARED_SELECTOR = YES;
				GCC_WARN_UNINITIALIZED_AUTOS = YES_AGGRESSIVE;
				GCC_WARN_UNUSED_FUNCTION = YES;
				GCC_WARN_UNUSED_VARIABLE = YES;
				IPHONEOS_DEPLOYMENT_TARGET = 12.4;
				MTL_ENABLE_DEBUG_INFO = INCLUDE_SOURCE;
				MTL_FAST_MATH = YES;
				ONLY_ACTIVE_ARCH = YES;
				SDKROOT = iphoneos;
				SWIFT_ACTIVE_COMPILATION_CONDITIONS = DEBUG;
				SWIFT_OPTIMIZATION_LEVEL = "-Onone";
			};
			name = Debug;
		};
		97211F8D2439075500709864 /* Release */ = {
			isa = XCBuildConfiguration;
			buildSettings = {
				ALWAYS_SEARCH_USER_PATHS = NO;
				CLANG_ANALYZER_NONNULL = YES;
				CLANG_ANALYZER_NUMBER_OBJECT_CONVERSION = YES_AGGRESSIVE;
				CLANG_CXX_LANGUAGE_STANDARD = "gnu++14";
				CLANG_CXX_LIBRARY = "libc++";
				CLANG_ENABLE_MODULES = YES;
				CLANG_ENABLE_OBJC_ARC = YES;
				CLANG_ENABLE_OBJC_WEAK = YES;
				CLANG_WARN_BLOCK_CAPTURE_AUTORELEASING = YES;
				CLANG_WARN_BOOL_CONVERSION = YES;
				CLANG_WARN_COMMA = YES;
				CLANG_WARN_CONSTANT_CONVERSION = YES;
				CLANG_WARN_DEPRECATED_OBJC_IMPLEMENTATIONS = YES;
				CLANG_WARN_DIRECT_OBJC_ISA_USAGE = YES_ERROR;
				CLANG_WARN_DOCUMENTATION_COMMENTS = YES;
				CLANG_WARN_EMPTY_BODY = YES;
				CLANG_WARN_ENUM_CONVERSION = YES;
				CLANG_WARN_INFINITE_RECURSION = YES;
				CLANG_WARN_INT_CONVERSION = YES;
				CLANG_WARN_NON_LITERAL_NULL_CONVERSION = YES;
				CLANG_WARN_OBJC_IMPLICIT_RETAIN_SELF = YES;
				CLANG_WARN_OBJC_LITERAL_CONVERSION = YES;
				CLANG_WARN_OBJC_ROOT_CLASS = YES_ERROR;
				CLANG_WARN_RANGE_LOOP_ANALYSIS = YES;
				CLANG_WARN_STRICT_PROTOTYPES = YES;
				CLANG_WARN_SUSPICIOUS_MOVE = YES;
				CLANG_WARN_UNGUARDED_AVAILABILITY = YES_AGGRESSIVE;
				CLANG_WARN_UNREACHABLE_CODE = YES;
				CLANG_WARN__DUPLICATE_METHOD_MATCH = YES;
				CODE_SIGN_IDENTITY = "iPhone Developer";
				COPY_PHASE_STRIP = NO;
				DEBUG_INFORMATION_FORMAT = "dwarf-with-dsym";
				ENABLE_NS_ASSERTIONS = NO;
				ENABLE_STRICT_OBJC_MSGSEND = YES;
				GCC_C_LANGUAGE_STANDARD = gnu11;
				GCC_NO_COMMON_BLOCKS = YES;
				GCC_WARN_64_TO_32_BIT_CONVERSION = YES;
				GCC_WARN_ABOUT_RETURN_TYPE = YES_ERROR;
				GCC_WARN_UNDECLARED_SELECTOR = YES;
				GCC_WARN_UNINITIALIZED_AUTOS = YES_AGGRESSIVE;
				GCC_WARN_UNUSED_FUNCTION = YES;
				GCC_WARN_UNUSED_VARIABLE = YES;
				IPHONEOS_DEPLOYMENT_TARGET = 12.4;
				MTL_ENABLE_DEBUG_INFO = NO;
				MTL_FAST_MATH = YES;
				SDKROOT = iphoneos;
				SWIFT_COMPILATION_MODE = wholemodule;
				SWIFT_OPTIMIZATION_LEVEL = "-O";
				VALIDATE_PRODUCT = YES;
			};
			name = Release;
		};
		97211F8F2439075500709864 /* Debug */ = {
			isa = XCBuildConfiguration;
			buildSettings = {
				ASSETCATALOG_COMPILER_APPICON_NAME = AppIcon;
				CODE_SIGN_STYLE = Automatic;
				DEVELOPMENT_TEAM = CKX56JYGM5;
				INFOPLIST_FILE = "Draft 1/Info.plist";
				LD_RUNPATH_SEARCH_PATHS = (
					"$(inherited)",
					"@executable_path/Frameworks",
				);
				PRODUCT_BUNDLE_IDENTIFIER = "Golden-Arches-Media.Draft-1";
				PRODUCT_NAME = "$(TARGET_NAME)";
				SWIFT_VERSION = 5.0;
				TARGETED_DEVICE_FAMILY = "1,2";
			};
			name = Debug;
		};
		97211F902439075500709864 /* Release */ = {
			isa = XCBuildConfiguration;
			buildSettings = {
				ASSETCATALOG_COMPILER_APPICON_NAME = AppIcon;
				CODE_SIGN_STYLE = Automatic;
				DEVELOPMENT_TEAM = CKX56JYGM5;
				INFOPLIST_FILE = "Draft 1/Info.plist";
				LD_RUNPATH_SEARCH_PATHS = (
					"$(inherited)",
					"@executable_path/Frameworks",
				);
				PRODUCT_BUNDLE_IDENTIFIER = "Golden-Arches-Media.Draft-1";
				PRODUCT_NAME = "$(TARGET_NAME)";
				SWIFT_VERSION = 5.0;
				TARGETED_DEVICE_FAMILY = "1,2";
			};
			name = Release;
		};
/* End XCBuildConfiguration section */

/* Begin XCConfigurationList section */
		97211F772439074A00709864 /* Build configuration list for PBXProject "Draft 1" */ = {
			isa = XCConfigurationList;
			buildConfigurations = (
				97211F8C2439075500709864 /* Debug */,
				97211F8D2439075500709864 /* Release */,
			);
			defaultConfigurationIsVisible = 0;
			defaultConfigurationName = Release;
		};
		97211F8E2439075500709864 /* Build configuration list for PBXNativeTarget "Draft 1" */ = {
			isa = XCConfigurationList;
			buildConfigurations = (
				97211F8F2439075500709864 /* Debug */,
				97211F902439075500709864 /* Release */,
			);
			defaultConfigurationIsVisible = 0;
			defaultConfigurationName = Release;
		};
/* End XCConfigurationList section */
	};
	rootObject = 97211F742439074A00709864 /* Project object */;
}
